
Microsoft Visual Studio Solution File, Format Version 12.00
# Visual Studio Version 16
VisualStudioVersion = 25.0.1705.4
MinimumVisualStudioVersion = 10.0.40219.1
Project("{FAE04EC0-301F-11D3-BF4B-00C04F79EFBC}") = "Ex31-ObserverPattern", "Ex31-ObserverPattern\Ex31-ObserverPattern.csproj", "{D53A6C8A-7165-4E71-8FBD-2414270A809B}"
EndProject
Project("{FAE04EC0-301F-11D3-BF4B-00C04F79EFBC}") = "Ex31-UnitTest", "Ex31-UnitTest\Ex31-UnitTest.csproj", "{48AA8013-64F7-4B4D-829D-5205D0A62F10}"
EndProject
Project("{FAE04EC0-301F-11D3-BF4B-00C04F79EFBC}") = "Øvelse4", "Øvelse4\Øvelse4.csproj", "{4BCCC23B-93EE-4746-9897-72FE94AB247C}"
EndProject
Global
	GlobalSection(SolutionConfigurationPlatforms) = preSolution
		Debug|Any CPU = Debug|Any CPU
		Release|Any CPU = Release|Any CPU
	EndGlobalSection
	GlobalSection(ProjectConfigurationPlatforms) = postSolution
		{D53A6C8A-7165-4E71-8FBD-2414270A809B}.Debug|Any CPU.ActiveCfg = Debug|Any CPU
		{D53A6C8A-7165-4E71-8FBD-2414270A809B}.Debug|Any CPU.Build.0 = Debug|Any CPU
		{D53A6C8A-7165-4E71-8FBD-2414270A809B}.Release|Any CPU.ActiveCfg = Release|Any CPU
		{D53A6C8A-7165-4E71-8FBD-2414270A809B}.Release|Any CPU.Build.0 = Release|Any CPU
		{48AA8013-64F7-4B4D-829D-5205D0A62F10}.Debug|Any CPU.ActiveCfg = Debug|Any CPU
		{48AA8013-64F7-4B4D-829D-5205D0A62F10}.Debug|Any CPU.Build.0 = Debug|Any CPU
		{48AA8013-64F7-4B4D-829D-5205D0A62F10}.Release|Any CPU.ActiveCfg = Release|Any CPU
		{48AA8013-64F7-4B4D-829D-5205D0A62F10}.Release|Any CPU.Build.0 = Release|Any CPU
		{4BCCC23B-93EE-4746-9897-72FE94AB247C}.Debug|Any CPU.ActiveCfg = Debug|Any CPU
		{4BCCC23B-93EE-4746-9897-72FE94AB247C}.Debug|Any CPU.Build.0 = Debug|Any CPU
		{4BCCC23B-93EE-4746-9897-72FE94AB247C}.Release|Any CPU.ActiveCfg = Release|Any CPU
		{4BCCC23B-93EE-4746-9897-72FE94AB247C}.Release|Any CPU.Build.0 = Release|Any CPU
	EndGlobalSection
	GlobalSection(SolutionProperties) = preSolution
		HideSolutionNode = FALSE
	EndGlobalSection
	GlobalSection(ExtensibilityGlobals) = postSolution
		SolutionGuid = {45B042A8-C9F3-4670-937C-EFB1E1A204B5}
	EndGlobalSection
EndGlobal
